// !$*UTF8*$!
{
	archiveVersion = 1;
	classes = {
	};
	objectVersion = 46;
	objects = {

/* Begin PBXBuildFile section */
		D8951AF81BD9F647008B10C9 /* main.m in Sources */ = {isa = PBXBuildFile; fileRef = D8951AF71BD9F647008B10C9 /* main.m */; };
		D8951AFB1BD9F647008B10C9 /* MZAppDelegate.m in Sources */ = {isa = PBXBuildFile; fileRef = D8951AFA1BD9F647008B10C9 /* MZAppDelegate.m */; };
		D8951AFD1BD9F647008B10C9 /* Images.xcassets in Resources */ = {isa = PBXBuildFile; fileRef = D8951AFC1BD9F647008B10C9 /* Images.xcassets */; };
		D8951B001BD9F647008B10C9 /* LaunchScreen.xib in Resources */ = {isa = PBXBuildFile; fileRef = D8951AFE1BD9F647008B10C9 /* LaunchScreen.xib */; };
		D8951B0C1BD9F648008B10C9 /* MZHelpCenterDemoTests.m in Sources */ = {isa = PBXBuildFile; fileRef = D8951B0B1BD9F648008B10C9 /* MZHelpCenterDemoTests.m */; };
		D8CC48361D5ACC0A0032A8C4 /* MZHelpCenter.m in Sources */ = {isa = PBXBuildFile; fileRef = D8CC48351D5ACC0A0032A8C4 /* MZHelpCenter.m */; };
		D8E97B271CD2077D002D652D /* TestViewController.m in Sources */ = {isa = PBXBuildFile; fileRef = D8E97B261CD2077D002D652D /* TestViewController.m */; };
/* End PBXBuildFile section */

/* Begin PBXContainerItemProxy section */
		D8951B061BD9F648008B10C9 /* PBXContainerItemProxy */ = {
			isa = PBXContainerItemProxy;
			containerPortal = D8951AEA1BD9F647008B10C9 /* Project object */;
			proxyType = 1;
			remoteGlobalIDString = D8951AF11BD9F647008B10C9;
			remoteInfo = MZHelpCenterDemo;
		};
/* End PBXContainerItemProxy section */

/* Begin PBXFileReference section */
		D8951AF21BD9F647008B10C9 /* MZHelpCenterDemo.app */ = {isa = PBXFileReference; explicitFileType = wrapper.application; includeInIndex = 0; path = MZHelpCenterDemo.app; sourceTree = BUILT_PRODUCTS_DIR; };
		D8951AF61BD9F647008B10C9 /* Info.plist */ = {isa = PBXFileReference; lastKnownFileType = text.plist.xml; path = Info.plist; sourceTree = "<group>"; };
		D8951AF71BD9F647008B10C9 /* main.m */ = {isa = PBXFileReference; lastKnownFileType = sourcecode.c.objc; path = main.m; sourceTree = "<group>"; };
		D8951AF91BD9F647008B10C9 /* MZAppDelegate.h */ = {isa = PBXFileReference; lastKnownFileType = sourcecode.c.h; path = MZAppDelegate.h; sourceTree = "<group>"; };
		D8951AFA1BD9F647008B10C9 /* MZAppDelegate.m */ = {isa = PBXFileReference; lastKnownFileType = sourcecode.c.objc; path = MZAppDelegate.m; sourceTree = "<group>"; };
		D8951AFC1BD9F647008B10C9 /* Images.xcassets */ = {isa = PBXFileReference; lastKnownFileType = folder.assetcatalog; path = Images.xcassets; sourceTree = "<group>"; };
		D8951AFF1BD9F647008B10C9 /* Base */ = {isa = PBXFileReference; lastKnownFileType = file.xib; name = Base; path = Base.lproj/LaunchScreen.xib; sourceTree = "<group>"; };
		D8951B051BD9F648008B10C9 /* MZHelpCenterDemoTests.xctest */ = {isa = PBXFileReference; explicitFileType = wrapper.cfbundle; includeInIndex = 0; path = MZHelpCenterDemoTests.xctest; sourceTree = BUILT_PRODUCTS_DIR; };
		D8951B0A1BD9F648008B10C9 /* Info.plist */ = {isa = PBXFileReference; lastKnownFileType = text.plist.xml; path = Info.plist; sourceTree = "<group>"; };
		D8951B0B1BD9F648008B10C9 /* MZHelpCenterDemoTests.m */ = {isa = PBXFileReference; lastKnownFileType = sourcecode.c.objc; path = MZHelpCenterDemoTests.m; sourceTree = "<group>"; };
		D8CC48341D5ACC0A0032A8C4 /* MZHelpCenter.h */ = {isa = PBXFileReference; fileEncoding = 4; lastKnownFileType = sourcecode.c.h; path = MZHelpCenter.h; sourceTree = "<group>"; };
		D8CC48351D5ACC0A0032A8C4 /* MZHelpCenter.m */ = {isa = PBXFileReference; fileEncoding = 4; lastKnownFileType = sourcecode.c.objc; path = MZHelpCenter.m; sourceTree = "<group>"; };
		D8E97B251CD2077D002D652D /* TestViewController.h */ = {isa = PBXFileReference; fileEncoding = 4; lastKnownFileType = sourcecode.c.h; path = TestViewController.h; sourceTree = "<group>"; };
		D8E97B261CD2077D002D652D /* TestViewController.m */ = {isa = PBXFileReference; fileEncoding = 4; lastKnownFileType = sourcecode.c.objc; path = TestViewController.m; sourceTree = "<group>"; };
/* End PBXFileReference section */

/* Begin PBXFrameworksBuildPhase section */
		D8951AEF1BD9F647008B10C9 /* Frameworks */ = {
			isa = PBXFrameworksBuildPhase;
			buildActionMask = 2147483647;
			files = (
			);
			runOnlyForDeploymentPostprocessing = 0;
		};
		D8951B021BD9F648008B10C9 /* Frameworks */ = {
			isa = PBXFrameworksBuildPhase;
			buildActionMask = 2147483647;
			files = (
			);
			runOnlyForDeploymentPostprocessing = 0;
		};
/* End PBXFrameworksBuildPhase section */

/* Begin PBXGroup section */
		D8951AE91BD9F647008B10C9 = {
			isa = PBXGroup;
			children = (
				D8951B151BD9F658008B10C9 /* MZHelpCenter */,
				D8951AF41BD9F647008B10C9 /* MZHelpCenterDemo */,
				D8951B081BD9F648008B10C9 /* MZHelpCenterDemoTests */,
				D8951AF31BD9F647008B10C9 /* Products */,
			);
			sourceTree = "<group>";
		};
		D8951AF31BD9F647008B10C9 /* Products */ = {
			isa = PBXGroup;
			children = (
				D8951AF21BD9F647008B10C9 /* MZHelpCenterDemo.app */,
				D8951B051BD9F648008B10C9 /* MZHelpCenterDemoTests.xctest */,
			);
			name = Products;
			sourceTree = "<group>";
		};
		D8951AF41BD9F647008B10C9 /* MZHelpCenterDemo */ = {
			isa = PBXGroup;
			children = (
				D8E97B251CD2077D002D652D /* TestViewController.h */,
				D8E97B261CD2077D002D652D /* TestViewController.m */,
				D8951AF91BD9F647008B10C9 /* MZAppDelegate.h */,
				D8951AFA1BD9F647008B10C9 /* MZAppDelegate.m */,
				D8951AFC1BD9F647008B10C9 /* Images.xcassets */,
				D8951AFE1BD9F647008B10C9 /* LaunchScreen.xib */,
				D8951AF51BD9F647008B10C9 /* Supporting Files */,
			);
			path = MZHelpCenterDemo;
			sourceTree = "<group>";
		};
		D8951AF51BD9F647008B10C9 /* Supporting Files */ = {
			isa = PBXGroup;
			children = (
				D8951AF61BD9F647008B10C9 /* Info.plist */,
				D8951AF71BD9F647008B10C9 /* main.m */,
			);
			name = "Supporting Files";
			sourceTree = "<group>";
		};
		D8951B081BD9F648008B10C9 /* MZHelpCenterDemoTests */ = {
			isa = PBXGroup;
			children = (
				D8951B0B1BD9F648008B10C9 /* MZHelpCenterDemoTests.m */,
				D8951B091BD9F648008B10C9 /* Supporting Files */,
			);
			path = MZHelpCenterDemoTests;
			sourceTree = "<group>";
		};
		D8951B091BD9F648008B10C9 /* Supporting Files */ = {
			isa = PBXGroup;
			children = (
				D8951B0A1BD9F648008B10C9 /* Info.plist */,
			);
			name = "Supporting Files";
			sourceTree = "<group>";
		};
		D8951B151BD9F658008B10C9 /* MZHelpCenter */ = {
			isa = PBXGroup;
			children = (
				D8CC48341D5ACC0A0032A8C4 /* MZHelpCenter.h */,
				D8CC48351D5ACC0A0032A8C4 /* MZHelpCenter.m */,
			);
			path = MZHelpCenter;
			sourceTree = "<group>";
		};
/* End PBXGroup section */

/* Begin PBXNativeTarget section */
		D8951AF11BD9F647008B10C9 /* MZHelpCenterDemo */ = {
			isa = PBXNativeTarget;
			buildConfigurationList = D8951B0F1BD9F648008B10C9 /* Build configuration list for PBXNativeTarget "MZHelpCenterDemo" */;
			buildPhases = (
				D8951AEE1BD9F647008B10C9 /* Sources */,
				D8951AEF1BD9F647008B10C9 /* Frameworks */,
				D8951AF01BD9F647008B10C9 /* Resources */,
			);
			buildRules = (
			);
			dependencies = (
			);
			name = MZHelpCenterDemo;
			productName = MZHelpCenterDemo;
			productReference = D8951AF21BD9F647008B10C9 /* MZHelpCenterDemo.app */;
			productType = "com.apple.product-type.application";
		};
		D8951B041BD9F648008B10C9 /* MZHelpCenterDemoTests */ = {
			isa = PBXNativeTarget;
			buildConfigurationList = D8951B121BD9F648008B10C9 /* Build configuration list for PBXNativeTarget "MZHelpCenterDemoTests" */;
			buildPhases = (
				D8951B011BD9F648008B10C9 /* Sources */,
				D8951B021BD9F648008B10C9 /* Frameworks */,
				D8951B031BD9F648008B10C9 /* Resources */,
			);
			buildRules = (
			);
			dependencies = (
				D8951B071BD9F648008B10C9 /* PBXTargetDependency */,
			);
			name = MZHelpCenterDemoTests;
			productName = MZHelpCenterDemoTests;
			productReference = D8951B051BD9F648008B10C9 /* MZHelpCenterDemoTests.xctest */;
			productType = "com.apple.product-type.bundle.unit-test";
		};
/* End PBXNativeTarget section */

/* Begin PBXProject section */
		D8951AEA1BD9F647008B10C9 /* Project object */ = {
			isa = PBXProject;
			attributes = {
				LastUpgradeCheck = 0640;
				ORGANIZATIONNAME = "麦子";
				TargetAttributes = {
					D8951AF11BD9F647008B10C9 = {
						CreatedOnToolsVersion = 6.4;
						DevelopmentTeam = 87S9437VS8;
					};
					D8951B041BD9F648008B10C9 = {
						CreatedOnToolsVersion = 6.4;
						TestTargetID = D8951AF11BD9F647008B10C9;
					};
				};
			};
			buildConfigurationList = D8951AED1BD9F647008B10C9 /* Build configuration list for PBXProject "MZHelpCenterDemo" */;
			compatibilityVersion = "Xcode 3.2";
			developmentRegion = English;
			hasScannedForEncodings = 0;
			knownRegions = (
				en,
				Base,
			);
			mainGroup = D8951AE91BD9F647008B10C9;
			productRefGroup = D8951AF31BD9F647008B10C9 /* Products */;
			projectDirPath = "";
			projectRoot = "";
			targets = (
				D8951AF11BD9F647008B10C9 /* MZHelpCenterDemo */,
				D8951B041BD9F648008B10C9 /* MZHelpCenterDemoTests */,
			);
		};
/* End PBXProject section */

/* Begin PBXResourcesBuildPhase section */
		D8951AF01BD9F647008B10C9 /* Resources */ = {
			isa = PBXResourcesBuildPhase;
			buildActionMask = 2147483647;
			files = (
				D8951B001BD9F647008B10C9 /* LaunchScreen.xib in Resources */,
				D8951AFD1BD9F647008B10C9 /* Images.xcassets in Resources */,
			);
			runOnlyForDeploymentPostprocessing = 0;
		};
		D8951B031BD9F648008B10C9 /* Resources */ = {
			isa = PBXResourcesBuildPhase;
			buildActionMask = 2147483647;
			files = (
			);
			runOnlyForDeploymentPostprocessing = 0;
		};
/* End PBXResourcesBuildPhase section */

/* Begin PBXSourcesBuildPhase section */
		D8951AEE1BD9F647008B10C9 /* Sources */ = {
			isa = PBXSourcesBuildPhase;
			buildActionMask = 2147483647;
			files = (
				D8951AFB1BD9F647008B10C9 /* MZAppDelegate.m in Sources */,
				D8E97B271CD2077D002D652D /* TestViewController.m in Sources */,
				D8CC48361D5ACC0A0032A8C4 /* MZHelpCenter.m in Sources */,
				D8951AF81BD9F647008B10C9 /* main.m in Sources */,
			);
			runOnlyForDeploymentPostprocessing = 0;
		};
		D8951B011BD9F648008B10C9 /* Sources */ = {
			isa = PBXSourcesBuildPhase;
			buildActionMask = 2147483647;
			files = (
				D8951B0C1BD9F648008B10C9 /* MZHelpCenterDemoTests.m in Sources */,
			);
			runOnlyForDeploymentPostprocessing = 0;
		};
/* End PBXSourcesBuildPhase section */

/* Begin PBXTargetDependency section */
		D8951B071BD9F648008B10C9 /* PBXTargetDependency */ = {
			isa = PBXTargetDependency;
			target = D8951AF11BD9F647008B10C9 /* MZHelpCenterDemo */;
			targetProxy = D8951B061BD9F648008B10C9 /* PBXContainerItemProxy */;
		};
/* End PBXTargetDependency section */

/* Begin PBXVariantGroup section */
		D8951AFE1BD9F647008B10C9 /* LaunchScreen.xib */ = {
			isa = PBXVariantGroup;
			children = (
				D8951AFF1BD9F647008B10C9 /* Base */,
			);
			name = LaunchScreen.xib;
			sourceTree = "<group>";
		};
/* End PBXVariantGroup section */

/* Begin XCBuildConfiguration section */
		D8951B0D1BD9F648008B10C9 /* Debug */ = {
			isa = XCBuildConfiguration;
			buildSettings = {
				ALWAYS_SEARCH_USER_PATHS = NO;
				CLANG_CXX_LANGUAGE_STANDARD = "gnu++0x";
				CLANG_CXX_LIBRARY = "libc++";
				CLANG_ENABLE_MODULES = YES;
				CLANG_ENABLE_OBJC_ARC = YES;
				CLANG_WARN_BOOL_CONVERSION = YES;
				CLANG_WARN_CONSTANT_CONVERSION = YES;
				CLANG_WARN_DIRECT_OBJC_ISA_USAGE = YES_ERROR;
				CLANG_WARN_EMPTY_BODY = YES;
				CLANG_WARN_ENUM_CONVERSION = YES;
				CLANG_WARN_INT_CONVERSION = YES;
				CLANG_WARN_OBJC_ROOT_CLASS = YES_ERROR;
				CLANG_WARN_UNREACHABLE_CODE = YES;
				CLANG_WARN__DUPLICATE_METHOD_MATCH = YES;
				"CODE_SIGN_IDENTITY[sdk=iphoneos*]" = "iPhone Developer";
				COPY_PHASE_STRIP = NO;
				DEBUG_INFORMATION_FORMAT = "dwarf-with-dsym";
				ENABLE_STRICT_OBJC_MSGSEND = YES;
				GCC_C_LANGUAGE_STANDARD = gnu99;
				GCC_DYNAMIC_NO_PIC = NO;
				GCC_NO_COMMON_BLOCKS = YES;
				GCC_OPTIMIZATION_LEVEL = 0;
				GCC_PREPROCESSOR_DEFINITIONS = (
					"DEBUG=1",
					"$(inherited)",
				);
				GCC_SYMBOLS_PRIVATE_EXTERN = NO;
				GCC_WARN_64_TO_32_BIT_CONVERSION = YES;
				GCC_WARN_ABOUT_RETURN_TYPE = YES_ERROR;
				GCC_WARN_UNDECLARED_SELECTOR = YES;
				GCC_WARN_UNINITIALIZED_AUTOS = YES_AGGRESSIVE;
				GCC_WARN_UNUSED_FUNCTION = YES;
				GCC_WARN_UNUSED_VARIABLE = YES;
				IPHONEOS_DEPLOYMENT_TARGET = 8.4;
				MTL_ENABLE_DEBUG_INFO = YES;
				ONLY_ACTIVE_ARCH = YES;
				SDKROOT = iphoneos;
				TARGETED_DEVICE_FAMILY = "1,2";
			};
			name = Debug;
		};
		D8951B0E1BD9F648008B10C9 /* Release */ = {
			isa = XCBuildConfiguration;
			buildSettings = {
				ALWAYS_SEARCH_USER_PATHS = NO;
				CLANG_CXX_LANGUAGE_STANDARD = "gnu++0x";
				CLANG_CXX_LIBRARY = "libc++";
				CLANG_ENABLE_MODULES = YES;
				CLANG_ENABLE_OBJC_ARC = YES;
				CLANG_WARN_BOOL_CONVERSION = YES;
				CLANG_WARN_CONSTANT_CONVERSION = YES;
				CLANG_WARN_DIRECT_OBJC_ISA_USAGE = YES_ERROR;
				CLANG_WARN_EMPTY_BODY = YES;
				CLANG_WARN_ENUM_CONVERSION = YES;
				CLANG_WARN_INT_CONVERSION = YES;
				CLANG_WARN_OBJC_ROOT_CLASS = YES_ERROR;
				CLANG_WARN_UNREACHABLE_CODE = YES;
				CLANG_WARN__DUPLICATE_METHOD_MATCH = YES;
				"CODE_SIGN_IDENTITY[sdk=iphoneos*]" = "iPhone Developer";
				COPY_PHASE_STRIP = NO;
				DEBUG_INFORMATION_FORMAT = "dwarf-with-dsym";
				ENABLE_NS_ASSERTIONS = NO;
				ENABLE_STRICT_OBJC_MSGSEND = YES;
				GCC_C_LANGUAGE_STANDARD = gnu99;
				GCC_NO_COMMON_BLOCKS = YES;
				GCC_WARN_64_TO_32_BIT_CONVERSION = YES;
				GCC_WARN_ABOUT_RETURN_TYPE = YES_ERROR;
				GCC_WARN_UNDECLARED_SELECTOR = YES;
				GCC_WARN_UNINITIALIZED_AUTOS = YES_AGGRESSIVE;
				GCC_WARN_UNUSED_FUNCTION = YES;
				GCC_WARN_UNUSED_VARIABLE = YES;
				IPHONEOS_DEPLOYMENT_TARGET = 8.4;
				MTL_ENABLE_DEBUG_INFO = NO;
				SDKROOT = iphoneos;
				TARGETED_DEVICE_FAMILY = "1,2";
				VALIDATE_PRODUCT = YES;
			};
			name = Release;
		};
		D8951B101BD9F648008B10C9 /* Debug */ = {
			isa = XCBuildConfiguration;
			buildSettings = {
				ASSETCATALOG_COMPILER_APPICON_NAME = AppIcon;
				CODE_SIGN_IDENTITY = "iPhone Developer";
				"CODE_SIGN_IDENTITY[sdk=iphoneos*]" = "iPhone Developer";
				INFOPLIST_FILE = MZHelpCenterDemo/Info.plist;
				LD_RUNPATH_SEARCH_PATHS = "$(inherited) @executable_path/Frameworks";
				PRODUCT_NAME = "$(TARGET_NAME)";
				PROVISIONING_PROFILE = "";
			};
			name = Debug;
		};
		D8951B111BD9F648008B10C9 /* Release */ = {
			isa = XCBuildConfiguration;
			buildSettings = {
				ASSETCATALOG_COMPILER_APPICON_NAME = AppIcon;
				CODE_SIGN_IDENTITY = "iPhone Developer";
				"CODE_SIGN_IDENTITY[sdk=iphoneos*]" = "iPhone Developer";
				INFOPLIST_FILE = MZHelpCenterDemo/Info.plist;
				LD_RUNPATH_SEARCH_PATHS = "$(inherited) @executable_path/Frameworks";
				PRODUCT_NAME = "$(TARGET_NAME)";
				PROVISIONING_PROFILE = "";
			};
			name = Release;
		};
		D8951B131BD9F648008B10C9 /* Debug */ = {
			isa = XCBuildConfiguration;
			buildSettings = {
				BUNDLE_LOADER = "$(TEST_HOST)";
				FRAMEWORK_SEARCH_PATHS = (
					"$(SDKROOT)/Developer/Library/Frameworks",
					"$(inherited)",
				);
				GCC_PREPROCESSOR_DEFINITIONS = (
					"DEBUG=1",
					"$(inherited)",
				);
				INFOPLIST_FILE = MZHelpCenterDemoTests/Info.plist;
				LD_RUNPATH_SEARCH_PATHS = "$(inherited) @executable_path/Frameworks @loader_path/Frameworks";
				PRODUCT_NAME = "$(TARGET_NAME)";
				TEST_HOST = "$(BUILT_PRODUCTS_DIR)/MZHelpCenterDemo.app/MZHelpCenterDemo";
			};
			name = Debug;
		};
		D8951B141BD9F648008B10C9 /* Release */ = {
			isa = XCBuildConfiguration;
			buildSettings = {
				BUNDLE_LOADER = "$(TEST_HOST)";
				FRAMEWORK_SEARCH_PATHS = (
					"$(SDKROOT)/Developer/Library/Frameworks",
					"$(inherited)",
				);
				INFOPLIST_FILE = MZHelpCenterDemoTests/Info.plist;
				LD_RUNPATH_SEARCH_PATHS = "$(inherited) @executable_path/Frameworks @loader_path/Frameworks";
				PRODUCT_NAME = "$(TARGET_NAME)";
				TEST_HOST = "$(BUILT_PRODUCTS_DIR)/MZHelpCenterDemo.app/MZHelpCenterDemo";
			};
			name = Release;
		};
/* End XCBuildConfiguration section */

/* Begin XCConfigurationList section */
		D8951AED1BD9F647008B10C9 /* Build configuration list for PBXProject "MZHelpCenterDemo" */ = {
			isa = XCConfigurationList;
			buildConfigurations = (
				D8951B0D1BD9F648008B10C9 /* Debug */,
				D8951B0E1BD9F648008B10C9 /* Release */,
			);
			defaultConfigurationIsVisible = 0;
			defaultConfigurationName = Release;
		};
		D8951B0F1BD9F648008B10C9 /* Build configuration list for PBXNativeTarget "MZHelpCenterDemo" */ = {
			isa = XCConfigurationList;
			buildConfigurations = (
				D8951B101BD9F648008B10C9 /* Debug */,
				D8951B111BD9F648008B10C9 /* Release */,
			);
			defaultConfigurationIsVisible = 0;
			defaultConfigurationName = Release;
		};
		D8951B121BD9F648008B10C9 /* Build configuration list for PBXNativeTarget "MZHelpCenterDemoTests" */ = {
			isa = XCConfigurationList;
			buildConfigurations = (
				D8951B131BD9F648008B10C9 /* Debug */,
				D8951B141BD9F648008B10C9 /* Release */,
			);
			defaultConfigurationIsVisible = 0;
			defaultConfigurationName = Release;
		};
/* End XCConfigurationList section */
	};
	rootObject = D8951AEA1BD9F647008B10C9 /* Project object */;
}
